
Microsoft Visual Studio Solution File, Format Version 12.00
# Visual Studio Version 17
VisualStudioVersion = 17.14.36301.6
MinimumVisualStudioVersion = 10.0.40219.1
Project("{FAE04EC0-301F-11D3-BF4B-00C04F79EFBC}") = "CArch_V1", "CArch_V1.csproj", "{D8A825E3-4CA3-4B3B-A592-4C7A343E6F7F}"
EndProject
Project("{FAE04EC0-301F-11D3-BF4B-00C04F79EFBC}") = "EntityData", "..\EntityData\EntityData.csproj", "{3A5B2EEA-A701-42AA-B839-27C8645E5172}"
EndProject
Global
	GlobalSection(SolutionConfigurationPlatforms) = preSolution
		Debug|Any CPU = Debug|Any CPU
		Release|Any CPU = Release|Any CPU
	EndGlobalSection
	GlobalSection(ProjectConfigurationPlatforms) = postSolution
		{D8A825E3-4CA3-4B3B-A592-4C7A343E6F7F}.Debug|Any CPU.ActiveCfg = Debug|Any CPU
		{D8A825E3-4CA3-4B3B-A592-4C7A343E6F7F}.Debug|Any CPU.Build.0 = Debug|Any CPU
		{D8A825E3-4CA3-4B3B-A592-4C7A343E6F7F}.Release|Any CPU.ActiveCfg = Release|Any CPU
		{D8A825E3-4CA3-4B3B-A592-4C7A343E6F7F}.Release|Any CPU.Build.0 = Release|Any CPU
		{3A5B2EEA-A701-42AA-B839-27C8645E5172}.Debug|Any CPU.ActiveCfg = Debug|Any CPU
		{3A5B2EEA-A701-42AA-B839-27C8645E5172}.Debug|Any CPU.Build.0 = Debug|Any CPU
		{3A5B2EEA-A701-42AA-B839-27C8645E5172}.Release|Any CPU.ActiveCfg = Release|Any CPU
		{3A5B2EEA-A701-42AA-B839-27C8645E5172}.Release|Any CPU.Build.0 = Release|Any CPU
	EndGlobalSection
	GlobalSection(SolutionProperties) = preSolution
		HideSolutionNode = FALSE
	EndGlobalSection
	GlobalSection(ExtensibilityGlobals) = postSolution
		SolutionGuid = {6620CD1D-92EA-434D-AD92-1CB553E4B17F}
	EndGlobalSection
EndGlobal
